// !$*UTF8*$!
{
	archiveVersion = 1;
	classes = {
	};
	objectVersion = 50;
	objects = {

/* Begin PBXBuildFile section */
		D5F572BD26601AD0005339B2 /* AppDelegate.swift in Sources */ = {isa = PBXBuildFile; fileRef = D5F572BC26601AD0005339B2 /* AppDelegate.swift */; };
		D5F572BF26601AD0005339B2 /* SceneDelegate.swift in Sources */ = {isa = PBXBuildFile; fileRef = D5F572BE26601AD0005339B2 /* SceneDelegate.swift */; };
		D5F572C426601AD0005339B2 /* Main.storyboard in Resources */ = {isa = PBXBuildFile; fileRef = D5F572C226601AD0005339B2 /* Main.storyboard */; };
		D5F572C626601AD3005339B2 /* Assets.xcassets in Resources */ = {isa = PBXBuildFile; fileRef = D5F572C526601AD3005339B2 /* Assets.xcassets */; };
		D5F572C926601AD3005339B2 /* LaunchScreen.storyboard in Resources */ = {isa = PBXBuildFile; fileRef = D5F572C726601AD3005339B2 /* LaunchScreen.storyboard */; };
		D5F572D426601AD3005339B2 /* RefactorToMVVMTalkTests.swift in Sources */ = {isa = PBXBuildFile; fileRef = D5F572D326601AD3005339B2 /* RefactorToMVVMTalkTests.swift */; };
		D5F5730726601BC9005339B2 /* CoursesViewModel.swift in Sources */ = {isa = PBXBuildFile; fileRef = D5F5730626601BC9005339B2 /* CoursesViewModel.swift */; };
		D5F5730F26601BEC005339B2 /* Course.swift in Sources */ = {isa = PBXBuildFile; fileRef = D5F5730E26601BEC005339B2 /* Course.swift */; };
		D5F5731426601C09005339B2 /* CourseController.swift in Sources */ = {isa = PBXBuildFile; fileRef = D5F5731326601C09005339B2 /* CourseController.swift */; };
		D5F5731926601C43005339B2 /* CoursesTableViewController.swift in Sources */ = {isa = PBXBuildFile; fileRef = D5F5731826601C43005339B2 /* CoursesTableViewController.swift */; };
		D5F5731E26601C69005339B2 /* CourseTableViewCell.swift in Sources */ = {isa = PBXBuildFile; fileRef = D5F5731D26601C69005339B2 /* CourseTableViewCell.swift */; };
/* End PBXBuildFile section */

/* Begin PBXContainerItemProxy section */
		D5F572D026601AD3005339B2 /* PBXContainerItemProxy */ = {
			isa = PBXContainerItemProxy;
			containerPortal = D5F572B126601AD0005339B2 /* Project object */;
			proxyType = 1;
			remoteGlobalIDString = D5F572B826601AD0005339B2;
			remoteInfo = RefactorToMVVMTalk;
		};
/* End PBXContainerItemProxy section */

/* Begin PBXFileReference section */
		D5F572B926601AD0005339B2 /* RefactorToMVVMTalk.app */ = {isa = PBXFileReference; explicitFileType = wrapper.application; includeInIndex = 0; path = RefactorToMVVMTalk.app; sourceTree = BUILT_PRODUCTS_DIR; };
		D5F572BC26601AD0005339B2 /* AppDelegate.swift */ = {isa = PBXFileReference; lastKnownFileType = sourcecode.swift; path = AppDelegate.swift; sourceTree = "<group>"; };
		D5F572BE26601AD0005339B2 /* SceneDelegate.swift */ = {isa = PBXFileReference; lastKnownFileType = sourcecode.swift; path = SceneDelegate.swift; sourceTree = "<group>"; };
		D5F572C326601AD0005339B2 /* Base */ = {isa = PBXFileReference; lastKnownFileType = file.storyboard; name = Base; path = Base.lproj/Main.storyboard; sourceTree = "<group>"; };
		D5F572C526601AD3005339B2 /* Assets.xcassets */ = {isa = PBXFileReference; lastKnownFileType = folder.assetcatalog; path = Assets.xcassets; sourceTree = "<group>"; };
		D5F572C826601AD3005339B2 /* Base */ = {isa = PBXFileReference; lastKnownFileType = file.storyboard; name = Base; path = Base.lproj/LaunchScreen.storyboard; sourceTree = "<group>"; };
		D5F572CA26601AD3005339B2 /* Info.plist */ = {isa = PBXFileReference; lastKnownFileType = text.plist.xml; path = Info.plist; sourceTree = "<group>"; };
		D5F572CF26601AD3005339B2 /* RefactorToMVVMTalkTests.xctest */ = {isa = PBXFileReference; explicitFileType = wrapper.cfbundle; includeInIndex = 0; path = RefactorToMVVMTalkTests.xctest; sourceTree = BUILT_PRODUCTS_DIR; };
		D5F572D326601AD3005339B2 /* RefactorToMVVMTalkTests.swift */ = {isa = PBXFileReference; lastKnownFileType = sourcecode.swift; path = RefactorToMVVMTalkTests.swift; sourceTree = "<group>"; };
		D5F572D526601AD3005339B2 /* Info.plist */ = {isa = PBXFileReference; lastKnownFileType = text.plist.xml; path = Info.plist; sourceTree = "<group>"; };
		D5F5730626601BC9005339B2 /* CoursesViewModel.swift */ = {isa = PBXFileReference; lastKnownFileType = sourcecode.swift; path = CoursesViewModel.swift; sourceTree = "<group>"; };
		D5F5730E26601BEC005339B2 /* Course.swift */ = {isa = PBXFileReference; lastKnownFileType = sourcecode.swift; path = Course.swift; sourceTree = "<group>"; };
		D5F5731326601C09005339B2 /* CourseController.swift */ = {isa = PBXFileReference; lastKnownFileType = sourcecode.swift; path = CourseController.swift; sourceTree = "<group>"; };
		D5F5731826601C43005339B2 /* CoursesTableViewController.swift */ = {isa = PBXFileReference; lastKnownFileType = sourcecode.swift; path = CoursesTableViewController.swift; sourceTree = "<group>"; };
		D5F5731D26601C69005339B2 /* CourseTableViewCell.swift */ = {isa = PBXFileReference; lastKnownFileType = sourcecode.swift; path = CourseTableViewCell.swift; sourceTree = "<group>"; };
/* End PBXFileReference section */

/* Begin PBXFrameworksBuildPhase section */
		D5F572B626601AD0005339B2 /* Frameworks */ = {
			isa = PBXFrameworksBuildPhase;
			buildActionMask = 2147483647;
			files = (
			);
			runOnlyForDeploymentPostprocessing = 0;
		};
		D5F572CC26601AD3005339B2 /* Frameworks */ = {
			isa = PBXFrameworksBuildPhase;
			buildActionMask = 2147483647;
			files = (
			);
			runOnlyForDeploymentPostprocessing = 0;
		};
/* End PBXFrameworksBuildPhase section */

/* Begin PBXGroup section */
		D5F572B026601AD0005339B2 = {
			isa = PBXGroup;
			children = (
				D5F572BB26601AD0005339B2 /* RefactorToMVVMTalk */,
				D5F572D226601AD3005339B2 /* RefactorToMVVMTalkTests */,
				D5F572BA26601AD0005339B2 /* Products */,
			);
			sourceTree = "<group>";
		};
		D5F572BA26601AD0005339B2 /* Products */ = {
			isa = PBXGroup;
			children = (
				D5F572B926601AD0005339B2 /* RefactorToMVVMTalk.app */,
				D5F572CF26601AD3005339B2 /* RefactorToMVVMTalkTests.xctest */,
			);
			name = Products;
			sourceTree = "<group>";
		};
		D5F572BB26601AD0005339B2 /* RefactorToMVVMTalk */ = {
			isa = PBXGroup;
			children = (
				D5F5730526601BA8005339B2 /* ViewModels */,
				D5F5730126601B5B005339B2 /* Controllers */,
				D5F5730026601B54005339B2 /* Models */,
				D5F572F826601B1E005339B2 /* Views */,
				D5F572FC26601B4A005339B2 /* Resources */,
				D5F572CA26601AD3005339B2 /* Info.plist */,
			);
			path = RefactorToMVVMTalk;
			sourceTree = "<group>";
		};
		D5F572D226601AD3005339B2 /* RefactorToMVVMTalkTests */ = {
			isa = PBXGroup;
			children = (
				D5F572D326601AD3005339B2 /* RefactorToMVVMTalkTests.swift */,
				D5F572D526601AD3005339B2 /* Info.plist */,
			);
			path = RefactorToMVVMTalkTests;
			sourceTree = "<group>";
		};
		D5F572F826601B1E005339B2 /* Views */ = {
			isa = PBXGroup;
			children = (
				D5F5730426601B8F005339B2 /* Storyboards */,
				D5F5730326601B82005339B2 /* View Controllers */,
			);
			path = Views;
			sourceTree = "<group>";
		};
		D5F572FC26601B4A005339B2 /* Resources */ = {
			isa = PBXGroup;
			children = (
				D5F572BC26601AD0005339B2 /* AppDelegate.swift */,
				D5F572BE26601AD0005339B2 /* SceneDelegate.swift */,
				D5F572C526601AD3005339B2 /* Assets.xcassets */,
				D5F572C726601AD3005339B2 /* LaunchScreen.storyboard */,
			);
			path = Resources;
			sourceTree = "<group>";
		};
		D5F5730026601B54005339B2 /* Models */ = {
			isa = PBXGroup;
			children = (
				D5F5730E26601BEC005339B2 /* Course.swift */,
			);
			path = Models;
			sourceTree = "<group>";
		};
		D5F5730126601B5B005339B2 /* Controllers */ = {
			isa = PBXGroup;
			children = (
				D5F5731326601C09005339B2 /* CourseController.swift */,
			);
			path = Controllers;
			sourceTree = "<group>";
		};
		D5F5730326601B82005339B2 /* View Controllers */ = {
			isa = PBXGroup;
			children = (
				D5F5731826601C43005339B2 /* CoursesTableViewController.swift */,
				D5F5731D26601C69005339B2 /* CourseTableViewCell.swift */,
			);
			path = "View Controllers";
			sourceTree = "<group>";
		};
		D5F5730426601B8F005339B2 /* Storyboards */ = {
			isa = PBXGroup;
			children = (
				D5F572C226601AD0005339B2 /* Main.storyboard */,
			);
			path = Storyboards;
			sourceTree = "<group>";
		};
		D5F5730526601BA8005339B2 /* ViewModels */ = {
			isa = PBXGroup;
			children = (
				D5F5730626601BC9005339B2 /* CoursesViewModel.swift */,
			);
			path = ViewModels;
			sourceTree = "<group>";
		};
/* End PBXGroup section */

/* Begin PBXNativeTarget section */
		D5F572B826601AD0005339B2 /* RefactorToMVVMTalk */ = {
			isa = PBXNativeTarget;
			buildConfigurationList = D5F572E326601AD3005339B2 /* Build configuration list for PBXNativeTarget "RefactorToMVVMTalk" */;
			buildPhases = (
				D5F572B526601AD0005339B2 /* Sources */,
				D5F572B626601AD0005339B2 /* Frameworks */,
				D5F572B726601AD0005339B2 /* Resources */,
			);
			buildRules = (
			);
			dependencies = (
			);
			name = RefactorToMVVMTalk;
			productName = RefactorToMVVMTalk;
			productReference = D5F572B926601AD0005339B2 /* RefactorToMVVMTalk.app */;
			productType = "com.apple.product-type.application";
		};
		D5F572CE26601AD3005339B2 /* RefactorToMVVMTalkTests */ = {
			isa = PBXNativeTarget;
			buildConfigurationList = D5F572E626601AD3005339B2 /* Build configuration list for PBXNativeTarget "RefactorToMVVMTalkTests" */;
			buildPhases = (
				D5F572CB26601AD3005339B2 /* Sources */,
				D5F572CC26601AD3005339B2 /* Frameworks */,
				D5F572CD26601AD3005339B2 /* Resources */,
			);
			buildRules = (
			);
			dependencies = (
				D5F572D126601AD3005339B2 /* PBXTargetDependency */,
			);
			name = RefactorToMVVMTalkTests;
			productName = RefactorToMVVMTalkTests;
			productReference = D5F572CF26601AD3005339B2 /* RefactorToMVVMTalkTests.xctest */;
			productType = "com.apple.product-type.bundle.unit-test";
		};
/* End PBXNativeTarget section */

/* Begin PBXProject section */
		D5F572B126601AD0005339B2 /* Project object */ = {
			isa = PBXProject;
			attributes = {
				LastSwiftUpdateCheck = 1240;
				LastUpgradeCheck = 1240;
				TargetAttributes = {
					D5F572B826601AD0005339B2 = {
						CreatedOnToolsVersion = 12.4;
					};
					D5F572CE26601AD3005339B2 = {
						CreatedOnToolsVersion = 12.4;
						TestTargetID = D5F572B826601AD0005339B2;
					};
				};
			};
			buildConfigurationList = D5F572B426601AD0005339B2 /* Build configuration list for PBXProject "RefactorToMVVMTalk" */;
			compatibilityVersion = "Xcode 9.3";
			developmentRegion = en;
			hasScannedForEncodings = 0;
			knownRegions = (
				en,
				Base,
			);
			mainGroup = D5F572B026601AD0005339B2;
			productRefGroup = D5F572BA26601AD0005339B2 /* Products */;
			projectDirPath = "";
			projectRoot = "";
			targets = (
				D5F572B826601AD0005339B2 /* RefactorToMVVMTalk */,
				D5F572CE26601AD3005339B2 /* RefactorToMVVMTalkTests */,
			);
		};
/* End PBXProject section */

/* Begin PBXResourcesBuildPhase section */
		D5F572B726601AD0005339B2 /* Resources */ = {
			isa = PBXResourcesBuildPhase;
			buildActionMask = 2147483647;
			files = (
				D5F572C926601AD3005339B2 /* LaunchScreen.storyboard in Resources */,
				D5F572C626601AD3005339B2 /* Assets.xcassets in Resources */,
				D5F572C426601AD0005339B2 /* Main.storyboard in Resources */,
			);
			runOnlyForDeploymentPostprocessing = 0;
		};
		D5F572CD26601AD3005339B2 /* Resources */ = {
			isa = PBXResourcesBuildPhase;
			buildActionMask = 2147483647;
			files = (
			);
			runOnlyForDeploymentPostprocessing = 0;
		};
/* End PBXResourcesBuildPhase section */

/* Begin PBXSourcesBuildPhase section */
		D5F572B526601AD0005339B2 /* Sources */ = {
			isa = PBXSourcesBuildPhase;
			buildActionMask = 2147483647;
			files = (
				D5F5730F26601BEC005339B2 /* Course.swift in Sources */,
				D5F5730726601BC9005339B2 /* CoursesViewModel.swift in Sources */,
				D5F5731426601C09005339B2 /* CourseController.swift in Sources */,
				D5F572BD26601AD0005339B2 /* AppDelegate.swift in Sources */,
				D5F5731926601C43005339B2 /* CoursesTableViewController.swift in Sources */,
				D5F572BF26601AD0005339B2 /* SceneDelegate.swift in Sources */,
				D5F5731E26601C69005339B2 /* CourseTableViewCell.swift in Sources */,
			);
			runOnlyForDeploymentPostprocessing = 0;
		};
		D5F572CB26601AD3005339B2 /* Sources */ = {
			isa = PBXSourcesBuildPhase;
			buildActionMask = 2147483647;
			files = (
				D5F572D426601AD3005339B2 /* RefactorToMVVMTalkTests.swift in Sources */,
			);
			runOnlyForDeploymentPostprocessing = 0;
		};
/* End PBXSourcesBuildPhase section */

/* Begin PBXTargetDependency section */
		D5F572D126601AD3005339B2 /* PBXTargetDependency */ = {
			isa = PBXTargetDependency;
			target = D5F572B826601AD0005339B2 /* RefactorToMVVMTalk */;
			targetProxy = D5F572D026601AD3005339B2 /* PBXContainerItemProxy */;
		};
/* End PBXTargetDependency section */

/* Begin PBXVariantGroup section */
		D5F572C226601AD0005339B2 /* Main.storyboard */ = {
			isa = PBXVariantGroup;
			children = (
				D5F572C326601AD0005339B2 /* Base */,
			);
			name = Main.storyboard;
			sourceTree = "<group>";
		};
		D5F572C726601AD3005339B2 /* LaunchScreen.storyboard */ = {
			isa = PBXVariantGroup;
			children = (
				D5F572C826601AD3005339B2 /* Base */,
			);
			name = LaunchScreen.storyboard;
			sourceTree = "<group>";
		};
/* End PBXVariantGroup section */

/* Begin XCBuildConfiguration section */
		D5F572E126601AD3005339B2 /* Debug */ = {
			isa = XCBuildConfiguration;
			buildSettings = {
				ALWAYS_SEARCH_USER_PATHS = NO;
				CLANG_ANALYZER_NONNULL = YES;
				CLANG_ANALYZER_NUMBER_OBJECT_CONVERSION = YES_AGGRESSIVE;
				CLANG_CXX_LANGUAGE_STANDARD = "gnu++14";
				CLANG_CXX_LIBRARY = "libc++";
				CLANG_ENABLE_MODULES = YES;
				CLANG_ENABLE_OBJC_ARC = YES;
				CLANG_ENABLE_OBJC_WEAK = YES;
				CLANG_WARN_BLOCK_CAPTURE_AUTORELEASING = YES;
				CLANG_WARN_BOOL_CONVERSION = YES;
				CLANG_WARN_COMMA = YES;
				CLANG_WARN_CONSTANT_CONVERSION = YES;
				CLANG_WARN_DEPRECATED_OBJC_IMPLEMENTATIONS = YES;
				CLANG_WARN_DIRECT_OBJC_ISA_USAGE = YES_ERROR;
				CLANG_WARN_DOCUMENTATION_COMMENTS = YES;
				CLANG_WARN_EMPTY_BODY = YES;
				CLANG_WARN_ENUM_CONVERSION = YES;
				CLANG_WARN_INFINITE_RECURSION = YES;
				CLANG_WARN_INT_CONVERSION = YES;
				CLANG_WARN_NON_LITERAL_NULL_CONVERSION = YES;
				CLANG_WARN_OBJC_IMPLICIT_RETAIN_SELF = YES;
				CLANG_WARN_OBJC_LITERAL_CONVERSION = YES;
				CLANG_WARN_OBJC_ROOT_CLASS = YES_ERROR;
				CLANG_WARN_QUOTED_INCLUDE_IN_FRAMEWORK_HEADER = YES;
				CLANG_WARN_RANGE_LOOP_ANALYSIS = YES;
				CLANG_WARN_STRICT_PROTOTYPES = YES;
				CLANG_WARN_SUSPICIOUS_MOVE = YES;
				CLANG_WARN_UNGUARDED_AVAILABILITY = YES_AGGRESSIVE;
				CLANG_WARN_UNREACHABLE_CODE = YES;
				CLANG_WARN__DUPLICATE_METHOD_MATCH = YES;
				COPY_PHASE_STRIP = NO;
				DEBUG_INFORMATION_FORMAT = dwarf;
				ENABLE_STRICT_OBJC_MSGSEND = YES;
				ENABLE_TESTABILITY = YES;
				GCC_C_LANGUAGE_STANDARD = gnu11;
				GCC_DYNAMIC_NO_PIC = NO;
				GCC_NO_COMMON_BLOCKS = YES;
				GCC_OPTIMIZATION_LEVEL = 0;
				GCC_PREPROCESSOR_DEFINITIONS = (
					"DEBUG=1",
					"$(inherited)",
				);
				GCC_WARN_64_TO_32_BIT_CONVERSION = YES;
				GCC_WARN_ABOUT_RETURN_TYPE = YES_ERROR;
				GCC_WARN_UNDECLARED_SELECTOR = YES;
				GCC_WARN_UNINITIALIZED_AUTOS = YES_AGGRESSIVE;
				GCC_WARN_UNUSED_FUNCTION = YES;
				GCC_WARN_UNUSED_VARIABLE = YES;
				IPHONEOS_DEPLOYMENT_TARGET = 14.4;
				MTL_ENABLE_DEBUG_INFO = INCLUDE_SOURCE;
				MTL_FAST_MATH = YES;
				ONLY_ACTIVE_ARCH = YES;
				SDKROOT = iphoneos;
				SWIFT_ACTIVE_COMPILATION_CONDITIONS = DEBUG;
				SWIFT_OPTIMIZATION_LEVEL = "-Onone";
			};
			name = Debug;
		};
		D5F572E226601AD3005339B2 /* Release */ = {
			isa = XCBuildConfiguration;
			buildSettings = {
				ALWAYS_SEARCH_USER_PATHS = NO;
				CLANG_ANALYZER_NONNULL = YES;
				CLANG_ANALYZER_NUMBER_OBJECT_CONVERSION = YES_AGGRESSIVE;
				CLANG_CXX_LANGUAGE_STANDARD = "gnu++14";
				CLANG_CXX_LIBRARY = "libc++";
				CLANG_ENABLE_MODULES = YES;
				CLANG_ENABLE_OBJC_ARC = YES;
				CLANG_ENABLE_OBJC_WEAK = YES;
				CLANG_WARN_BLOCK_CAPTURE_AUTORELEASING = YES;
				CLANG_WARN_BOOL_CONVERSION = YES;
				CLANG_WARN_COMMA = YES;
				CLANG_WARN_CONSTANT_CONVERSION = YES;
				CLANG_WARN_DEPRECATED_OBJC_IMPLEMENTATIONS = YES;
				CLANG_WARN_DIRECT_OBJC_ISA_USAGE = YES_ERROR;
				CLANG_WARN_DOCUMENTATION_COMMENTS = YES;
				CLANG_WARN_EMPTY_BODY = YES;
				CLANG_WARN_ENUM_CONVERSION = YES;
				CLANG_WARN_INFINITE_RECURSION = YES;
				CLANG_WARN_INT_CONVERSION = YES;
				CLANG_WARN_NON_LITERAL_NULL_CONVERSION = YES;
				CLANG_WARN_OBJC_IMPLICIT_RETAIN_SELF = YES;
				CLANG_WARN_OBJC_LITERAL_CONVERSION = YES;
				CLANG_WARN_OBJC_ROOT_CLASS = YES_ERROR;
				CLANG_WARN_QUOTED_INCLUDE_IN_FRAMEWORK_HEADER = YES;
				CLANG_WARN_RANGE_LOOP_ANALYSIS = YES;
				CLANG_WARN_STRICT_PROTOTYPES = YES;
				CLANG_WARN_SUSPICIOUS_MOVE = YES;
				CLANG_WARN_UNGUARDED_AVAILABILITY = YES_AGGRESSIVE;
				CLANG_WARN_UNREACHABLE_CODE = YES;
				CLANG_WARN__DUPLICATE_METHOD_MATCH = YES;
				COPY_PHASE_STRIP = NO;
				DEBUG_INFORMATION_FORMAT = "dwarf-with-dsym";
				ENABLE_NS_ASSERTIONS = NO;
				ENABLE_STRICT_OBJC_MSGSEND = YES;
				GCC_C_LANGUAGE_STANDARD = gnu11;
				GCC_NO_COMMON_BLOCKS = YES;
				GCC_WARN_64_TO_32_BIT_CONVERSION = YES;
				GCC_WARN_ABOUT_RETURN_TYPE = YES_ERROR;
				GCC_WARN_UNDECLARED_SELECTOR = YES;
				GCC_WARN_UNINITIALIZED_AUTOS = YES_AGGRESSIVE;
				GCC_WARN_UNUSED_FUNCTION = YES;
				GCC_WARN_UNUSED_VARIABLE = YES;
				IPHONEOS_DEPLOYMENT_TARGET = 14.4;
				MTL_ENABLE_DEBUG_INFO = NO;
				MTL_FAST_MATH = YES;
				SDKROOT = iphoneos;
				SWIFT_COMPILATION_MODE = wholemodule;
				SWIFT_OPTIMIZATION_LEVEL = "-O";
				VALIDATE_PRODUCT = YES;
			};
			name = Release;
		};
		D5F572E426601AD3005339B2 /* Debug */ = {
			isa = XCBuildConfiguration;
			buildSettings = {
				ASSETCATALOG_COMPILER_APPICON_NAME = AppIcon;
				ASSETCATALOG_COMPILER_GLOBAL_ACCENT_COLOR_NAME = AccentColor;
				CODE_SIGN_STYLE = Automatic;
				DEVELOPMENT_TEAM = 9U46PJ4YSS;
				INFOPLIST_FILE = RefactorToMVVMTalk/Info.plist;
				LD_RUNPATH_SEARCH_PATHS = (
					"$(inherited)",
					"@executable_path/Frameworks",
				);
				PRODUCT_BUNDLE_IDENTIFIER = com.ddjacobsen17.RefactorToMVVMTalk;
				PRODUCT_NAME = "$(TARGET_NAME)";
				SWIFT_VERSION = 5.0;
				TARGETED_DEVICE_FAMILY = 1;
			};
			name = Debug;
		};
		D5F572E526601AD3005339B2 /* Release */ = {
			isa = XCBuildConfiguration;
			buildSettings = {
				ASSETCATALOG_COMPILER_APPICON_NAME = AppIcon;
				ASSETCATALOG_COMPILER_GLOBAL_ACCENT_COLOR_NAME = AccentColor;
				CODE_SIGN_STYLE = Automatic;
				DEVELOPMENT_TEAM = 9U46PJ4YSS;
				INFOPLIST_FILE = RefactorToMVVMTalk/Info.plist;
				LD_RUNPATH_SEARCH_PATHS = (
					"$(inherited)",
					"@executable_path/Frameworks",
				);
				PRODUCT_BUNDLE_IDENTIFIER = com.ddjacobsen17.RefactorToMVVMTalk;
				PRODUCT_NAME = "$(TARGET_NAME)";
				SWIFT_VERSION = 5.0;
				TARGETED_DEVICE_FAMILY = 1;
			};
			name = Release;
		};
		D5F572E726601AD3005339B2 /* Debug */ = {
			isa = XCBuildConfiguration;
			buildSettings = {
				ALWAYS_EMBED_SWIFT_STANDARD_LIBRARIES = YES;
				BUNDLE_LOADER = "$(TEST_HOST)";
				CODE_SIGN_STYLE = Automatic;
				DEVELOPMENT_TEAM = 9U46PJ4YSS;
				INFOPLIST_FILE = RefactorToMVVMTalkTests/Info.plist;
				IPHONEOS_DEPLOYMENT_TARGET = 14.4;
				LD_RUNPATH_SEARCH_PATHS = (
					"$(inherited)",
					"@executable_path/Frameworks",
					"@loader_path/Frameworks",
				);
				PRODUCT_BUNDLE_IDENTIFIER = com.ddjacobsen17.RefactorToMVVMTalkTests;
				PRODUCT_NAME = "$(TARGET_NAME)";
				SWIFT_VERSION = 5.0;
				TARGETED_DEVICE_FAMILY = "1,2";
				TEST_HOST = "$(BUILT_PRODUCTS_DIR)/RefactorToMVVMTalk.app/RefactorToMVVMTalk";
			};
			name = Debug;
		};
		D5F572E826601AD3005339B2 /* Release */ = {
			isa = XCBuildConfiguration;
			buildSettings = {
				ALWAYS_EMBED_SWIFT_STANDARD_LIBRARIES = YES;
				BUNDLE_LOADER = "$(TEST_HOST)";
				CODE_SIGN_STYLE = Automatic;
				DEVELOPMENT_TEAM = 9U46PJ4YSS;
				INFOPLIST_FILE = RefactorToMVVMTalkTests/Info.plist;
				IPHONEOS_DEPLOYMENT_TARGET = 14.4;
				LD_RUNPATH_SEARCH_PATHS = (
					"$(inherited)",
					"@executable_path/Frameworks",
					"@loader_path/Frameworks",
				);
				PRODUCT_BUNDLE_IDENTIFIER = com.ddjacobsen17.RefactorToMVVMTalkTests;
				PRODUCT_NAME = "$(TARGET_NAME)";
				SWIFT_VERSION = 5.0;
				TARGETED_DEVICE_FAMILY = "1,2";
				TEST_HOST = "$(BUILT_PRODUCTS_DIR)/RefactorToMVVMTalk.app/RefactorToMVVMTalk";
			};
			name = Release;
		};
/* End XCBuildConfiguration section */

/* Begin XCConfigurationList section */
		D5F572B426601AD0005339B2 /* Build configuration list for PBXProject "RefactorToMVVMTalk" */ = {
			isa = XCConfigurationList;
			buildConfigurations = (
				D5F572E126601AD3005339B2 /* Debug */,
				D5F572E226601AD3005339B2 /* Release */,
			);
			defaultConfigurationIsVisible = 0;
			defaultConfigurationName = Release;
		};
		D5F572E326601AD3005339B2 /* Build configuration list for PBXNativeTarget "RefactorToMVVMTalk" */ = {
			isa = XCConfigurationList;
			buildConfigurations = (
				D5F572E426601AD3005339B2 /* Debug */,
				D5F572E526601AD3005339B2 /* Release */,
			);
			defaultConfigurationIsVisible = 0;
			defaultConfigurationName = Release;
		};
		D5F572E626601AD3005339B2 /* Build configuration list for PBXNativeTarget "RefactorToMVVMTalkTests" */ = {
			isa = XCConfigurationList;
			buildConfigurations = (
				D5F572E726601AD3005339B2 /* Debug */,
				D5F572E826601AD3005339B2 /* Release */,
			);
			defaultConfigurationIsVisible = 0;
			defaultConfigurationName = Release;
		};
/* End XCConfigurationList section */
	};
	rootObject = D5F572B126601AD0005339B2 /* Project object */;
}
